
Microsoft Visual Studio Solution File, Format Version 12.00
# Visual Studio Version 16
VisualStudioVersion = 16.0.31624.102
MinimumVisualStudioVersion = 10.0.40219.1
Project("{888888A0-9F3D-457C-B088-3A5042F75D52}") = "FreeJira", "FreeJira.pyproj", "{9141A07C-6699-4074-A260-89525E890D5A}"
EndProject
Global
	GlobalSection(SolutionConfigurationPlatforms) = preSolution
		Debug|Any CPU = Debug|Any CPU
		Release|Any CPU = Release|Any CPU
	EndGlobalSection
	GlobalSection(ProjectConfigurationPlatforms) = postSolution
		{9141A07C-6699-4074-A260-89525E890D5A}.Debug|Any CPU.ActiveCfg = Debug|Any CPU
		{9141A07C-6699-4074-A260-89525E890D5A}.Debug|Any CPU.Build.0 = Debug|Any CPU
		{9141A07C-6699-4074-A260-89525E890D5A}.Release|Any CPU.ActiveCfg = Release|Any CPU
		{9141A07C-6699-4074-A260-89525E890D5A}.Release|Any CPU.Build.0 = Release|Any CPU
	EndGlobalSection
	GlobalSection(SolutionProperties) = preSolution
		HideSolutionNode = FALSE
	EndGlobalSection
	GlobalSection(ExtensibilityGlobals) = postSolution
		SolutionGuid = {06D3848A-498E-4479-A4E6-08C8F04D31BB}
	EndGlobalSection
EndGlobal
